
Microsoft Visual Studio Solution File, Format Version 12.00
# Visual Studio 15
VisualStudioVersion = 15.0.28307.1209
MinimumVisualStudioVersion = 10.0.40219.1
Project("{FAE04EC0-301F-11D3-BF4B-00C04F79EFBC}") = "bsy", "bsy\bsy.csproj", "{61F6BB85-1BA7-4C6F-9AFE-E52BB1E01798}"
EndProject
Global
	GlobalSection(SolutionConfigurationPlatforms) = preSolution
		Debug|Any CPU = Debug|Any CPU
		Release|Any CPU = Release|Any CPU
	EndGlobalSection
	GlobalSection(ProjectConfigurationPlatforms) = postSolution
		{61F6BB85-1BA7-4C6F-9AFE-E52BB1E01798}.Debug|Any CPU.ActiveCfg = Debug|Any CPU
		{61F6BB85-1BA7-4C6F-9AFE-E52BB1E01798}.Debug|Any CPU.Build.0 = Debug|Any CPU
		{61F6BB85-1BA7-4C6F-9AFE-E52BB1E01798}.Release|Any CPU.ActiveCfg = Release|Any CPU
		{61F6BB85-1BA7-4C6F-9AFE-E52BB1E01798}.Release|Any CPU.Build.0 = Release|Any CPU
	EndGlobalSection
	GlobalSection(SolutionProperties) = preSolution
		HideSolutionNode = FALSE
	EndGlobalSection
	GlobalSection(ExtensibilityGlobals) = postSolution
		SolutionGuid = {CF899E01-8B77-4813-B1B1-ED187E588BDE}
	EndGlobalSection
EndGlobal
